// !$*UTF8*$!
{
	archiveVersion = 1;
	classes = {
	};
	objectVersion = 55;
	objects = {

/* Begin PBXBuildFile section */
		877F8D712722AE19002F553C /* AppDelegate.swift in Sources */ = {isa = PBXBuildFile; fileRef = 877F8D702722AE19002F553C /* AppDelegate.swift */; };
		877F8D732722AE19002F553C /* SceneDelegate.swift in Sources */ = {isa = PBXBuildFile; fileRef = 877F8D722722AE19002F553C /* SceneDelegate.swift */; };
		877F8D752722AE19002F553C /* ViewController.swift in Sources */ = {isa = PBXBuildFile; fileRef = 877F8D742722AE19002F553C /* ViewController.swift */; };
		877F8D782722AE19002F553C /* Main.storyboard in Resources */ = {isa = PBXBuildFile; fileRef = 877F8D762722AE19002F553C /* Main.storyboard */; };
		877F8D7A2722AE19002F553C /* Assets.xcassets in Resources */ = {isa = PBXBuildFile; fileRef = 877F8D792722AE19002F553C /* Assets.xcassets */; };
		877F8D7D2722AE19002F553C /* LaunchScreen.storyboard in Resources */ = {isa = PBXBuildFile; fileRef = 877F8D7B2722AE19002F553C /* LaunchScreen.storyboard */; };
		877F8D882722AE19002F553C /* ActivityAppTests.swift in Sources */ = {isa = PBXBuildFile; fileRef = 877F8D872722AE19002F553C /* ActivityAppTests.swift */; };
		877F8D922722AE19002F553C /* ActivityAppUITests.swift in Sources */ = {isa = PBXBuildFile; fileRef = 877F8D912722AE19002F553C /* ActivityAppUITests.swift */; };
		877F8D942722AE19002F553C /* ActivityAppUITestsLaunchTests.swift in Sources */ = {isa = PBXBuildFile; fileRef = 877F8D932722AE19002F553C /* ActivityAppUITestsLaunchTests.swift */; };
		877F8DA12722B2C0002F553C /* PermanentMarker-Regular.ttf in Resources */ = {isa = PBXBuildFile; fileRef = 877F8DA02722B2C0002F553C /* PermanentMarker-Regular.ttf */; };
/* End PBXBuildFile section */

/* Begin PBXContainerItemProxy section */
		877F8D842722AE19002F553C /* PBXContainerItemProxy */ = {
			isa = PBXContainerItemProxy;
			containerPortal = 877F8D652722AE19002F553C /* Project object */;
			proxyType = 1;
			remoteGlobalIDString = 877F8D6C2722AE19002F553C;
			remoteInfo = ActivityApp;
		};
		877F8D8E2722AE19002F553C /* PBXContainerItemProxy */ = {
			isa = PBXContainerItemProxy;
			containerPortal = 877F8D652722AE19002F553C /* Project object */;
			proxyType = 1;
			remoteGlobalIDString = 877F8D6C2722AE19002F553C;
			remoteInfo = ActivityApp;
		};
/* End PBXContainerItemProxy section */

/* Begin PBXFileReference section */
		877F8D6D2722AE19002F553C /* ActivityApp.app */ = {isa = PBXFileReference; explicitFileType = wrapper.application; includeInIndex = 0; path = ActivityApp.app; sourceTree = BUILT_PRODUCTS_DIR; };
		877F8D702722AE19002F553C /* AppDelegate.swift */ = {isa = PBXFileReference; lastKnownFileType = sourcecode.swift; path = AppDelegate.swift; sourceTree = "<group>"; };
		877F8D722722AE19002F553C /* SceneDelegate.swift */ = {isa = PBXFileReference; lastKnownFileType = sourcecode.swift; path = SceneDelegate.swift; sourceTree = "<group>"; };
		877F8D742722AE19002F553C /* ViewController.swift */ = {isa = PBXFileReference; lastKnownFileType = sourcecode.swift; path = ViewController.swift; sourceTree = "<group>"; };
		877F8D772722AE19002F553C /* Base */ = {isa = PBXFileReference; lastKnownFileType = file.storyboard; name = Base; path = Base.lproj/Main.storyboard; sourceTree = "<group>"; };
		877F8D792722AE19002F553C /* Assets.xcassets */ = {isa = PBXFileReference; lastKnownFileType = folder.assetcatalog; path = Assets.xcassets; sourceTree = "<group>"; };
		877F8D7C2722AE19002F553C /* Base */ = {isa = PBXFileReference; lastKnownFileType = file.storyboard; name = Base; path = Base.lproj/LaunchScreen.storyboard; sourceTree = "<group>"; };
		877F8D7E2722AE19002F553C /* Info.plist */ = {isa = PBXFileReference; lastKnownFileType = text.plist.xml; path = Info.plist; sourceTree = "<group>"; };
		877F8D832722AE19002F553C /* ActivityAppTests.xctest */ = {isa = PBXFileReference; explicitFileType = wrapper.cfbundle; includeInIndex = 0; path = ActivityAppTests.xctest; sourceTree = BUILT_PRODUCTS_DIR; };
		877F8D872722AE19002F553C /* ActivityAppTests.swift */ = {isa = PBXFileReference; lastKnownFileType = sourcecode.swift; path = ActivityAppTests.swift; sourceTree = "<group>"; };
		877F8D8D2722AE19002F553C /* ActivityAppUITests.xctest */ = {isa = PBXFileReference; explicitFileType = wrapper.cfbundle; includeInIndex = 0; path = ActivityAppUITests.xctest; sourceTree = BUILT_PRODUCTS_DIR; };
		877F8D912722AE19002F553C /* ActivityAppUITests.swift */ = {isa = PBXFileReference; lastKnownFileType = sourcecode.swift; path = ActivityAppUITests.swift; sourceTree = "<group>"; };
		877F8D932722AE19002F553C /* ActivityAppUITestsLaunchTests.swift */ = {isa = PBXFileReference; lastKnownFileType = sourcecode.swift; path = ActivityAppUITestsLaunchTests.swift; sourceTree = "<group>"; };
		877F8DA02722B2C0002F553C /* PermanentMarker-Regular.ttf */ = {isa = PBXFileReference; lastKnownFileType = file; path = "PermanentMarker-Regular.ttf"; sourceTree = "<group>"; };
/* End PBXFileReference section */

/* Begin PBXFrameworksBuildPhase section */
		877F8D6A2722AE19002F553C /* Frameworks */ = {
			isa = PBXFrameworksBuildPhase;
			buildActionMask = 2147483647;
			files = (
			);
			runOnlyForDeploymentPostprocessing = 0;
		};
		877F8D802722AE19002F553C /* Frameworks */ = {
			isa = PBXFrameworksBuildPhase;
			buildActionMask = 2147483647;
			files = (
			);
			runOnlyForDeploymentPostprocessing = 0;
		};
		877F8D8A2722AE19002F553C /* Frameworks */ = {
			isa = PBXFrameworksBuildPhase;
			buildActionMask = 2147483647;
			files = (
			);
			runOnlyForDeploymentPostprocessing = 0;
		};
/* End PBXFrameworksBuildPhase section */

/* Begin PBXGroup section */
		877F8D642722AE19002F553C = {
			isa = PBXGroup;
			children = (
				877F8D6F2722AE19002F553C /* ActivityApp */,
				877F8D862722AE19002F553C /* ActivityAppTests */,
				877F8D902722AE19002F553C /* ActivityAppUITests */,
				877F8D6E2722AE19002F553C /* Products */,
			);
			sourceTree = "<group>";
		};
		877F8D6E2722AE19002F553C /* Products */ = {
			isa = PBXGroup;
			children = (
				877F8D6D2722AE19002F553C /* ActivityApp.app */,
				877F8D832722AE19002F553C /* ActivityAppTests.xctest */,
				877F8D8D2722AE19002F553C /* ActivityAppUITests.xctest */,
			);
			name = Products;
			sourceTree = "<group>";
		};
		877F8D6F2722AE19002F553C /* ActivityApp */ = {
			isa = PBXGroup;
			children = (
				877F8D702722AE19002F553C /* AppDelegate.swift */,
				877F8D722722AE19002F553C /* SceneDelegate.swift */,
				877F8D742722AE19002F553C /* ViewController.swift */,
				877F8D762722AE19002F553C /* Main.storyboard */,
				877F8D792722AE19002F553C /* Assets.xcassets */,
				877F8D7B2722AE19002F553C /* LaunchScreen.storyboard */,
				877F8D7E2722AE19002F553C /* Info.plist */,
				877F8DA22722B38F002F553C /* Font */,
			);
			path = ActivityApp;
			sourceTree = "<group>";
		};
		877F8D862722AE19002F553C /* ActivityAppTests */ = {
			isa = PBXGroup;
			children = (
				877F8D872722AE19002F553C /* ActivityAppTests.swift */,
			);
			path = ActivityAppTests;
			sourceTree = "<group>";
		};
		877F8D902722AE19002F553C /* ActivityAppUITests */ = {
			isa = PBXGroup;
			children = (
				877F8D912722AE19002F553C /* ActivityAppUITests.swift */,
				877F8D932722AE19002F553C /* ActivityAppUITestsLaunchTests.swift */,
			);
			path = ActivityAppUITests;
			sourceTree = "<group>";
		};
		877F8DA22722B38F002F553C /* Font */ = {
			isa = PBXGroup;
			children = (
				877F8DA02722B2C0002F553C /* PermanentMarker-Regular.ttf */,
			);
			path = Font;
			sourceTree = "<group>";
		};
/* End PBXGroup section */

/* Begin PBXNativeTarget section */
		877F8D6C2722AE19002F553C /* ActivityApp */ = {
			isa = PBXNativeTarget;
			buildConfigurationList = 877F8D972722AE19002F553C /* Build configuration list for PBXNativeTarget "ActivityApp" */;
			buildPhases = (
				877F8D692722AE19002F553C /* Sources */,
				877F8D6A2722AE19002F553C /* Frameworks */,
				877F8D6B2722AE19002F553C /* Resources */,
			);
			buildRules = (
			);
			dependencies = (
			);
			name = ActivityApp;
			productName = ActivityApp;
			productReference = 877F8D6D2722AE19002F553C /* ActivityApp.app */;
			productType = "com.apple.product-type.application";
		};
		877F8D822722AE19002F553C /* ActivityAppTests */ = {
			isa = PBXNativeTarget;
			buildConfigurationList = 877F8D9A2722AE19002F553C /* Build configuration list for PBXNativeTarget "ActivityAppTests" */;
			buildPhases = (
				877F8D7F2722AE19002F553C /* Sources */,
				877F8D802722AE19002F553C /* Frameworks */,
				877F8D812722AE19002F553C /* Resources */,
			);
			buildRules = (
			);
			dependencies = (
				877F8D852722AE19002F553C /* PBXTargetDependency */,
			);
			name = ActivityAppTests;
			productName = ActivityAppTests;
			productReference = 877F8D832722AE19002F553C /* ActivityAppTests.xctest */;
			productType = "com.apple.product-type.bundle.unit-test";
		};
		877F8D8C2722AE19002F553C /* ActivityAppUITests */ = {
			isa = PBXNativeTarget;
			buildConfigurationList = 877F8D9D2722AE19002F553C /* Build configuration list for PBXNativeTarget "ActivityAppUITests" */;
			buildPhases = (
				877F8D892722AE19002F553C /* Sources */,
				877F8D8A2722AE19002F553C /* Frameworks */,
				877F8D8B2722AE19002F553C /* Resources */,
			);
			buildRules = (
			);
			dependencies = (
				877F8D8F2722AE19002F553C /* PBXTargetDependency */,
			);
			name = ActivityAppUITests;
			productName = ActivityAppUITests;
			productReference = 877F8D8D2722AE19002F553C /* ActivityAppUITests.xctest */;
			productType = "com.apple.product-type.bundle.ui-testing";
		};
/* End PBXNativeTarget section */

/* Begin PBXProject section */
		877F8D652722AE19002F553C /* Project object */ = {
			isa = PBXProject;
			attributes = {
				BuildIndependentTargetsInParallel = 1;
				LastSwiftUpdateCheck = 1300;
				LastUpgradeCheck = 1300;
				TargetAttributes = {
					877F8D6C2722AE19002F553C = {
						CreatedOnToolsVersion = 13.0;
					};
					877F8D822722AE19002F553C = {
						CreatedOnToolsVersion = 13.0;
						TestTargetID = 877F8D6C2722AE19002F553C;
					};
					877F8D8C2722AE19002F553C = {
						CreatedOnToolsVersion = 13.0;
						TestTargetID = 877F8D6C2722AE19002F553C;
					};
				};
			};
			buildConfigurationList = 877F8D682722AE19002F553C /* Build configuration list for PBXProject "ActivityApp" */;
			compatibilityVersion = "Xcode 13.0";
			developmentRegion = en;
			hasScannedForEncodings = 0;
			knownRegions = (
				en,
				Base,
			);
			mainGroup = 877F8D642722AE19002F553C;
			productRefGroup = 877F8D6E2722AE19002F553C /* Products */;
			projectDirPath = "";
			projectRoot = "";
			targets = (
				877F8D6C2722AE19002F553C /* ActivityApp */,
				877F8D822722AE19002F553C /* ActivityAppTests */,
				877F8D8C2722AE19002F553C /* ActivityAppUITests */,
			);
		};
/* End PBXProject section */

/* Begin PBXResourcesBuildPhase section */
		877F8D6B2722AE19002F553C /* Resources */ = {
			isa = PBXResourcesBuildPhase;
			buildActionMask = 2147483647;
			files = (
				877F8D7D2722AE19002F553C /* LaunchScreen.storyboard in Resources */,
				877F8D7A2722AE19002F553C /* Assets.xcassets in Resources */,
				877F8DA12722B2C0002F553C /* PermanentMarker-Regular.ttf in Resources */,
				877F8D782722AE19002F553C /* Main.storyboard in Resources */,
			);
			runOnlyForDeploymentPostprocessing = 0;
		};
		877F8D812722AE19002F553C /* Resources */ = {
			isa = PBXResourcesBuildPhase;
			buildActionMask = 2147483647;
			files = (
			);
			runOnlyForDeploymentPostprocessing = 0;
		};
		877F8D8B2722AE19002F553C /* Resources */ = {
			isa = PBXResourcesBuildPhase;
			buildActionMask = 2147483647;
			files = (
			);
			runOnlyForDeploymentPostprocessing = 0;
		};
/* End PBXResourcesBuildPhase section */

/* Begin PBXSourcesBuildPhase section */
		877F8D692722AE19002F553C /* Sources */ = {
			isa = PBXSourcesBuildPhase;
			buildActionMask = 2147483647;
			files = (
				877F8D752722AE19002F553C /* ViewController.swift in Sources */,
				877F8D712722AE19002F553C /* AppDelegate.swift in Sources */,
				877F8D732722AE19002F553C /* SceneDelegate.swift in Sources */,
			);
			runOnlyForDeploymentPostprocessing = 0;
		};
		877F8D7F2722AE19002F553C /* Sources */ = {
			isa = PBXSourcesBuildPhase;
			buildActionMask = 2147483647;
			files = (
				877F8D882722AE19002F553C /* ActivityAppTests.swift in Sources */,
			);
			runOnlyForDeploymentPostprocessing = 0;
		};
		877F8D892722AE19002F553C /* Sources */ = {
			isa = PBXSourcesBuildPhase;
			buildActionMask = 2147483647;
			files = (
				877F8D922722AE19002F553C /* ActivityAppUITests.swift in Sources */,
				877F8D942722AE19002F553C /* ActivityAppUITestsLaunchTests.swift in Sources */,
			);
			runOnlyForDeploymentPostprocessing = 0;
		};
/* End PBXSourcesBuildPhase section */

/* Begin PBXTargetDependency section */
		877F8D852722AE19002F553C /* PBXTargetDependency */ = {
			isa = PBXTargetDependency;
			target = 877F8D6C2722AE19002F553C /* ActivityApp */;
			targetProxy = 877F8D842722AE19002F553C /* PBXContainerItemProxy */;
		};
		877F8D8F2722AE19002F553C /* PBXTargetDependency */ = {
			isa = PBXTargetDependency;
			target = 877F8D6C2722AE19002F553C /* ActivityApp */;
			targetProxy = 877F8D8E2722AE19002F553C /* PBXContainerItemProxy */;
		};
/* End PBXTargetDependency section */

/* Begin PBXVariantGroup section */
		877F8D762722AE19002F553C /* Main.storyboard */ = {
			isa = PBXVariantGroup;
			children = (
				877F8D772722AE19002F553C /* Base */,
			);
			name = Main.storyboard;
			sourceTree = "<group>";
		};
		877F8D7B2722AE19002F553C /* LaunchScreen.storyboard */ = {
			isa = PBXVariantGroup;
			children = (
				877F8D7C2722AE19002F553C /* Base */,
			);
			name = LaunchScreen.storyboard;
			sourceTree = "<group>";
		};
/* End PBXVariantGroup section */

/* Begin XCBuildConfiguration section */
		877F8D952722AE19002F553C /* Debug */ = {
			isa = XCBuildConfiguration;
			buildSettings = {
				ALWAYS_SEARCH_USER_PATHS = NO;
				CLANG_ANALYZER_NONNULL = YES;
				CLANG_ANALYZER_NUMBER_OBJECT_CONVERSION = YES_AGGRESSIVE;
				CLANG_CXX_LANGUAGE_STANDARD = "gnu++17";
				CLANG_CXX_LIBRARY = "libc++";
				CLANG_ENABLE_MODULES = YES;
				CLANG_ENABLE_OBJC_ARC = YES;
				CLANG_ENABLE_OBJC_WEAK = YES;
				CLANG_WARN_BLOCK_CAPTURE_AUTORELEASING = YES;
				CLANG_WARN_BOOL_CONVERSION = YES;
				CLANG_WARN_COMMA = YES;
				CLANG_WARN_CONSTANT_CONVERSION = YES;
				CLANG_WARN_DEPRECATED_OBJC_IMPLEMENTATIONS = YES;
				CLANG_WARN_DIRECT_OBJC_ISA_USAGE = YES_ERROR;
				CLANG_WARN_DOCUMENTATION_COMMENTS = YES;
				CLANG_WARN_EMPTY_BODY = YES;
				CLANG_WARN_ENUM_CONVERSION = YES;
				CLANG_WARN_INFINITE_RECURSION = YES;
				CLANG_WARN_INT_CONVERSION = YES;
				CLANG_WARN_NON_LITERAL_NULL_CONVERSION = YES;
				CLANG_WARN_OBJC_IMPLICIT_RETAIN_SELF = YES;
				CLANG_WARN_OBJC_LITERAL_CONVERSION = YES;
				CLANG_WARN_OBJC_ROOT_CLASS = YES_ERROR;
				CLANG_WARN_QUOTED_INCLUDE_IN_FRAMEWORK_HEADER = YES;
				CLANG_WARN_RANGE_LOOP_ANALYSIS = YES;
				CLANG_WARN_STRICT_PROTOTYPES = YES;
				CLANG_WARN_SUSPICIOUS_MOVE = YES;
				CLANG_WARN_UNGUARDED_AVAILABILITY = YES_AGGRESSIVE;
				CLANG_WARN_UNREACHABLE_CODE = YES;
				CLANG_WARN__DUPLICATE_METHOD_MATCH = YES;
				COPY_PHASE_STRIP = NO;
				DEBUG_INFORMATION_FORMAT = dwarf;
				ENABLE_STRICT_OBJC_MSGSEND = YES;
				ENABLE_TESTABILITY = YES;
				GCC_C_LANGUAGE_STANDARD = gnu11;
				GCC_DYNAMIC_NO_PIC = NO;
				GCC_NO_COMMON_BLOCKS = YES;
				GCC_OPTIMIZATION_LEVEL = 0;
				GCC_PREPROCESSOR_DEFINITIONS = (
					"DEBUG=1",
					"$(inherited)",
				);
				GCC_WARN_64_TO_32_BIT_CONVERSION = YES;
				GCC_WARN_ABOUT_RETURN_TYPE = YES_ERROR;
				GCC_WARN_UNDECLARED_SELECTOR = YES;
				GCC_WARN_UNINITIALIZED_AUTOS = YES_AGGRESSIVE;
				GCC_WARN_UNUSED_FUNCTION = YES;
				GCC_WARN_UNUSED_VARIABLE = YES;
				IPHONEOS_DEPLOYMENT_TARGET = 15.0;
				MTL_ENABLE_DEBUG_INFO = INCLUDE_SOURCE;
				MTL_FAST_MATH = YES;
				ONLY_ACTIVE_ARCH = YES;
				SDKROOT = iphoneos;
				SWIFT_ACTIVE_COMPILATION_CONDITIONS = DEBUG;
				SWIFT_OPTIMIZATION_LEVEL = "-Onone";
			};
			name = Debug;
		};
		877F8D962722AE19002F553C /* Release */ = {
			isa = XCBuildConfiguration;
			buildSettings = {
				ALWAYS_SEARCH_USER_PATHS = NO;
				CLANG_ANALYZER_NONNULL = YES;
				CLANG_ANALYZER_NUMBER_OBJECT_CONVERSION = YES_AGGRESSIVE;
				CLANG_CXX_LANGUAGE_STANDARD = "gnu++17";
				CLANG_CXX_LIBRARY = "libc++";
				CLANG_ENABLE_MODULES = YES;
				CLANG_ENABLE_OBJC_ARC = YES;
				CLANG_ENABLE_OBJC_WEAK = YES;
				CLANG_WARN_BLOCK_CAPTURE_AUTORELEASING = YES;
				CLANG_WARN_BOOL_CONVERSION = YES;
				CLANG_WARN_COMMA = YES;
				CLANG_WARN_CONSTANT_CONVERSION = YES;
				CLANG_WARN_DEPRECATED_OBJC_IMPLEMENTATIONS = YES;
				CLANG_WARN_DIRECT_OBJC_ISA_USAGE = YES_ERROR;
				CLANG_WARN_DOCUMENTATION_COMMENTS = YES;
				CLANG_WARN_EMPTY_BODY = YES;
				CLANG_WARN_ENUM_CONVERSION = YES;
				CLANG_WARN_INFINITE_RECURSION = YES;
				CLANG_WARN_INT_CONVERSION = YES;
				CLANG_WARN_NON_LITERAL_NULL_CONVERSION = YES;
				CLANG_WARN_OBJC_IMPLICIT_RETAIN_SELF = YES;
				CLANG_WARN_OBJC_LITERAL_CONVERSION = YES;
				CLANG_WARN_OBJC_ROOT_CLASS = YES_ERROR;
				CLANG_WARN_QUOTED_INCLUDE_IN_FRAMEWORK_HEADER = YES;
				CLANG_WARN_RANGE_LOOP_ANALYSIS = YES;
				CLANG_WARN_STRICT_PROTOTYPES = YES;
				CLANG_WARN_SUSPICIOUS_MOVE = YES;
				CLANG_WARN_UNGUARDED_AVAILABILITY = YES_AGGRESSIVE;
				CLANG_WARN_UNREACHABLE_CODE = YES;
				CLANG_WARN__DUPLICATE_METHOD_MATCH = YES;
				COPY_PHASE_STRIP = NO;
				DEBUG_INFORMATION_FORMAT = "dwarf-with-dsym";
				ENABLE_NS_ASSERTIONS = NO;
				ENABLE_STRICT_OBJC_MSGSEND = YES;
				GCC_C_LANGUAGE_STANDARD = gnu11;
				GCC_NO_COMMON_BLOCKS = YES;
				GCC_WARN_64_TO_32_BIT_CONVERSION = YES;
				GCC_WARN_ABOUT_RETURN_TYPE = YES_ERROR;
				GCC_WARN_UNDECLARED_SELECTOR = YES;
				GCC_WARN_UNINITIALIZED_AUTOS = YES_AGGRESSIVE;
				GCC_WARN_UNUSED_FUNCTION = YES;
				GCC_WARN_UNUSED_VARIABLE = YES;
				IPHONEOS_DEPLOYMENT_TARGET = 15.0;
				MTL_ENABLE_DEBUG_INFO = NO;
				MTL_FAST_MATH = YES;
				SDKROOT = iphoneos;
				SWIFT_COMPILATION_MODE = wholemodule;
				SWIFT_OPTIMIZATION_LEVEL = "-O";
				VALIDATE_PRODUCT = YES;
			};
			name = Release;
		};
		877F8D982722AE19002F553C /* Debug */ = {
			isa = XCBuildConfiguration;
			buildSettings = {
				ASSETCATALOG_COMPILER_APPICON_NAME = AppIcon;
				ASSETCATALOG_COMPILER_GLOBAL_ACCENT_COLOR_NAME = AccentColor;
				ASSETCATALOG_COMPILER_INCLUDE_ALL_APPICON_ASSETS = NO;
				CODE_SIGN_STYLE = Automatic;
				CURRENT_PROJECT_VERSION = 1;
				GENERATE_INFOPLIST_FILE = YES;
				INFOPLIST_FILE = ActivityApp/Info.plist;
				INFOPLIST_KEY_UIApplicationSupportsIndirectInputEvents = YES;
				INFOPLIST_KEY_UILaunchStoryboardName = LaunchScreen;
				INFOPLIST_KEY_UIMainStoryboardFile = Main;
				INFOPLIST_KEY_UISupportedInterfaceOrientations_iPad = "UIInterfaceOrientationPortrait UIInterfaceOrientationPortraitUpsideDown UIInterfaceOrientationLandscapeLeft UIInterfaceOrientationLandscapeRight";
				INFOPLIST_KEY_UISupportedInterfaceOrientations_iPhone = "UIInterfaceOrientationPortrait UIInterfaceOrientationLandscapeLeft UIInterfaceOrientationLandscapeRight";
				LD_RUNPATH_SEARCH_PATHS = (
					"$(inherited)",
					"@executable_path/Frameworks",
				);
				MARKETING_VERSION = 1.0;
				PRODUCT_BUNDLE_IDENTIFIER = "ertugrulkulaber-gmail.com.ActivityApp";
				PRODUCT_NAME = "$(TARGET_NAME)";
				SWIFT_EMIT_LOC_STRINGS = YES;
				SWIFT_VERSION = 5.0;
				TARGETED_DEVICE_FAMILY = "1,2";
			};
			name = Debug;
		};
		877F8D992722AE19002F553C /* Release */ = {
			isa = XCBuildConfiguration;
			buildSettings = {
				ASSETCATALOG_COMPILER_APPICON_NAME = AppIcon;
				ASSETCATALOG_COMPILER_GLOBAL_ACCENT_COLOR_NAME = AccentColor;
				ASSETCATALOG_COMPILER_INCLUDE_ALL_APPICON_ASSETS = NO;
				CODE_SIGN_STYLE = Automatic;
				CURRENT_PROJECT_VERSION = 1;
				GENERATE_INFOPLIST_FILE = YES;
				INFOPLIST_FILE = ActivityApp/Info.plist;
				INFOPLIST_KEY_UIApplicationSupportsIndirectInputEvents = YES;
				INFOPLIST_KEY_UILaunchStoryboardName = LaunchScreen;
				INFOPLIST_KEY_UIMainStoryboardFile = Main;
				INFOPLIST_KEY_UISupportedInterfaceOrientations_iPad = "UIInterfaceOrientationPortrait UIInterfaceOrientationPortraitUpsideDown UIInterfaceOrientationLandscapeLeft UIInterfaceOrientationLandscapeRight";
				INFOPLIST_KEY_UISupportedInterfaceOrientations_iPhone = "UIInterfaceOrientationPortrait UIInterfaceOrientationLandscapeLeft UIInterfaceOrientationLandscapeRight";
				LD_RUNPATH_SEARCH_PATHS = (
					"$(inherited)",
					"@executable_path/Frameworks",
				);
				MARKETING_VERSION = 1.0;
				PRODUCT_BUNDLE_IDENTIFIER = "ertugrulkulaber-gmail.com.ActivityApp";
				PRODUCT_NAME = "$(TARGET_NAME)";
				SWIFT_EMIT_LOC_STRINGS = YES;
				SWIFT_VERSION = 5.0;
				TARGETED_DEVICE_FAMILY = "1,2";
			};
			name = Release;
		};
		877F8D9B2722AE19002F553C /* Debug */ = {
			isa = XCBuildConfiguration;
			buildSettings = {
				ALWAYS_EMBED_SWIFT_STANDARD_LIBRARIES = YES;
				BUNDLE_LOADER = "$(TEST_HOST)";
				CODE_SIGN_STYLE = Automatic;
				CURRENT_PROJECT_VERSION = 1;
				GENERATE_INFOPLIST_FILE = YES;
				IPHONEOS_DEPLOYMENT_TARGET = 15.0;
				LD_RUNPATH_SEARCH_PATHS = (
					"$(inherited)",
					"@executable_path/Frameworks",
					"@loader_path/Frameworks",
				);
				MARKETING_VERSION = 1.0;
				PRODUCT_BUNDLE_IDENTIFIER = "ertugrulkulaber-gmail.com.ActivityAppTests";
				PRODUCT_NAME = "$(TARGET_NAME)";
				SWIFT_EMIT_LOC_STRINGS = NO;
				SWIFT_VERSION = 5.0;
				TARGETED_DEVICE_FAMILY = "1,2";
				TEST_HOST = "$(BUILT_PRODUCTS_DIR)/ActivityApp.app/ActivityApp";
			};
			name = Debug;
		};
		877F8D9C2722AE19002F553C /* Release */ = {
			isa = XCBuildConfiguration;
			buildSettings = {
				ALWAYS_EMBED_SWIFT_STANDARD_LIBRARIES = YES;
				BUNDLE_LOADER = "$(TEST_HOST)";
				CODE_SIGN_STYLE = Automatic;
				CURRENT_PROJECT_VERSION = 1;
				GENERATE_INFOPLIST_FILE = YES;
				IPHONEOS_DEPLOYMENT_TARGET = 15.0;
				LD_RUNPATH_SEARCH_PATHS = (
					"$(inherited)",
					"@executable_path/Frameworks",
					"@loader_path/Frameworks",
				);
				MARKETING_VERSION = 1.0;
				PRODUCT_BUNDLE_IDENTIFIER = "ertugrulkulaber-gmail.com.ActivityAppTests";
				PRODUCT_NAME = "$(TARGET_NAME)";
				SWIFT_EMIT_LOC_STRINGS = NO;
				SWIFT_VERSION = 5.0;
				TARGETED_DEVICE_FAMILY = "1,2";
				TEST_HOST = "$(BUILT_PRODUCTS_DIR)/ActivityApp.app/ActivityApp";
			};
			name = Release;
		};
		877F8D9E2722AE19002F553C /* Debug */ = {
			isa = XCBuildConfiguration;
			buildSettings = {
				ALWAYS_EMBED_SWIFT_STANDARD_LIBRARIES = YES;
				CODE_SIGN_STYLE = Automatic;
				CURRENT_PROJECT_VERSION = 1;
				GENERATE_INFOPLIST_FILE = YES;
				LD_RUNPATH_SEARCH_PATHS = (
					"$(inherited)",
					"@executable_path/Frameworks",
					"@loader_path/Frameworks",
				);
				MARKETING_VERSION = 1.0;
				PRODUCT_BUNDLE_IDENTIFIER = "ertugrulkulaber-gmail.com.ActivityAppUITests";
				PRODUCT_NAME = "$(TARGET_NAME)";
				SWIFT_EMIT_LOC_STRINGS = NO;
				SWIFT_VERSION = 5.0;
				TARGETED_DEVICE_FAMILY = "1,2";
				TEST_TARGET_NAME = ActivityApp;
			};
			name = Debug;
		};
		877F8D9F2722AE19002F553C /* Release */ = {
			isa = XCBuildConfiguration;
			buildSettings = {
				ALWAYS_EMBED_SWIFT_STANDARD_LIBRARIES = YES;
				CODE_SIGN_STYLE = Automatic;
				CURRENT_PROJECT_VERSION = 1;
				GENERATE_INFOPLIST_FILE = YES;
				LD_RUNPATH_SEARCH_PATHS = (
					"$(inherited)",
					"@executable_path/Frameworks",
					"@loader_path/Frameworks",
				);
				MARKETING_VERSION = 1.0;
				PRODUCT_BUNDLE_IDENTIFIER = "ertugrulkulaber-gmail.com.ActivityAppUITests";
				PRODUCT_NAME = "$(TARGET_NAME)";
				SWIFT_EMIT_LOC_STRINGS = NO;
				SWIFT_VERSION = 5.0;
				TARGETED_DEVICE_FAMILY = "1,2";
				TEST_TARGET_NAME = ActivityApp;
			};
			name = Release;
		};
/* End XCBuildConfiguration section */

/* Begin XCConfigurationList section */
		877F8D682722AE19002F553C /* Build configuration list for PBXProject "ActivityApp" */ = {
			isa = XCConfigurationList;
			buildConfigurations = (
				877F8D952722AE19002F553C /* Debug */,
				877F8D962722AE19002F553C /* Release */,
			);
			defaultConfigurationIsVisible = 0;
			defaultConfigurationName = Release;
		};
		877F8D972722AE19002F553C /* Build configuration list for PBXNativeTarget "ActivityApp" */ = {
			isa = XCConfigurationList;
			buildConfigurations = (
				877F8D982722AE19002F553C /* Debug */,
				877F8D992722AE19002F553C /* Release */,
			);
			defaultConfigurationIsVisible = 0;
			defaultConfigurationName = Release;
		};
		877F8D9A2722AE19002F553C /* Build configuration list for PBXNativeTarget "ActivityAppTests" */ = {
			isa = XCConfigurationList;
			buildConfigurations = (
				877F8D9B2722AE19002F553C /* Debug */,
				877F8D9C2722AE19002F553C /* Release */,
			);
			defaultConfigurationIsVisible = 0;
			defaultConfigurationName = Release;
		};
		877F8D9D2722AE19002F553C /* Build configuration list for PBXNativeTarget "ActivityAppUITests" */ = {
			isa = XCConfigurationList;
			buildConfigurations = (
				877F8D9E2722AE19002F553C /* Debug */,
				877F8D9F2722AE19002F553C /* Release */,
			);
			defaultConfigurationIsVisible = 0;
			defaultConfigurationName = Release;
		};
/* End XCConfigurationList section */
	};
	rootObject = 877F8D652722AE19002F553C /* Project object */;
}
